
Microsoft Visual Studio Solution File, Format Version 12.00
# Visual Studio Version 16
VisualStudioVersion = 16.0.29728.190
MinimumVisualStudioVersion = 10.0.40219.1
Project("{FAE04EC0-301F-11D3-BF4B-00C04F79EFBC}") = "Sample.UWP", "Sample\Sample.UWP\Sample.UWP.csproj", "{465D3BF0-65B1-407F-B19F-02556A8989EE}"
EndProject
Project("{FAE04EC0-301F-11D3-BF4B-00C04F79EFBC}") = "Sample.Android", "Sample\Sample.Android\Sample.Android.csproj", "{8607F634-F6DD-4909-A945-4BA47A40EF11}"
EndProject
Project("{FAE04EC0-301F-11D3-BF4B-00C04F79EFBC}") = "Sample.iOS", "Sample\Sample.iOS\Sample.iOS.csproj", "{9BC7E35F-1588-4F68-8413-952D37C1DFAB}"
EndProject
Project("{9A19103F-16F7-4668-BE54-9A1E7A4F7556}") = "Sample", "Sample\Sample\Sample.csproj", "{89D36F49-A85E-46DB-85F2-89D57C9A077B}"
EndProject
Project("{2150E333-8FDC-42A3-9474-1A3956D46DE8}") = "Library", "Library", "{0FDB9281-D682-4582-AB33-31532E5817BA}"
EndProject
Project("{2150E333-8FDC-42A3-9474-1A3956D46DE8}") = "Test", "Test", "{687716BD-9E7A-4F08-86D9-3019A74A8A3B}"
EndProject
Project("{9A19103F-16F7-4668-BE54-9A1E7A4F7556}") = "TouchSam", "Library\TouchSam\TouchSam.csproj", "{6FF40240-D204-4842-8F83-8C4DDDF48223}"
EndProject
Project("{FAE04EC0-301F-11D3-BF4B-00C04F79EFBC}") = "TouchSam.Droid", "Library\TouchSam.Droid\TouchSam.Droid.csproj", "{70F51D97-37E6-4777-ACBE-F3D18E4BC466}"
EndProject
Project("{FAE04EC0-301F-11D3-BF4B-00C04F79EFBC}") = "TouchSam.UWP", "Library\TouchSam.UWP\TouchSam.UWP.csproj", "{C80AF788-0C7D-4FB9-8CF4-9BEAA4D2D76B}"
EndProject
Project("{FAE04EC0-301F-11D3-BF4B-00C04F79EFBC}") = "TouchSam.iOS", "Library\TouchSam.iOS\TouchSam.iOS.csproj", "{31C53881-F48F-48EE-AA00-045639CF7B46}"
EndProject
Global
	GlobalSection(SolutionConfigurationPlatforms) = preSolution
		Debug|Any CPU = Debug|Any CPU
		Debug|ARM = Debug|ARM
		Debug|ARM64 = Debug|ARM64
		Debug|iPhone = Debug|iPhone
		Debug|iPhoneSimulator = Debug|iPhoneSimulator
		Debug|x64 = Debug|x64
		Debug|x86 = Debug|x86
		Release|Any CPU = Release|Any CPU
		Release|ARM = Release|ARM
		Release|ARM64 = Release|ARM64
		Release|iPhone = Release|iPhone
		Release|iPhoneSimulator = Release|iPhoneSimulator
		Release|x64 = Release|x64
		Release|x86 = Release|x86
	EndGlobalSection
	GlobalSection(ProjectConfigurationPlatforms) = postSolution
		{465D3BF0-65B1-407F-B19F-02556A8989EE}.Debug|Any CPU.ActiveCfg = Debug|x86
		{465D3BF0-65B1-407F-B19F-02556A8989EE}.Debug|Any CPU.Build.0 = Debug|x86
		{465D3BF0-65B1-407F-B19F-02556A8989EE}.Debug|Any CPU.Deploy.0 = Debug|x86
		{465D3BF0-65B1-407F-B19F-02556A8989EE}.Debug|ARM.ActiveCfg = Debug|ARM
		{465D3BF0-65B1-407F-B19F-02556A8989EE}.Debug|ARM.Build.0 = Debug|ARM
		{465D3BF0-65B1-407F-B19F-02556A8989EE}.Debug|ARM.Deploy.0 = Debug|ARM
		{465D3BF0-65B1-407F-B19F-02556A8989EE}.Debug|ARM64.ActiveCfg = Debug|x86
		{465D3BF0-65B1-407F-B19F-02556A8989EE}.Debug|iPhone.ActiveCfg = Debug|x86
		{465D3BF0-65B1-407F-B19F-02556A8989EE}.Debug|iPhone.Build.0 = Debug|x86
		{465D3BF0-65B1-407F-B19F-02556A8989EE}.Debug|iPhone.Deploy.0 = Debug|x86
		{465D3BF0-65B1-407F-B19F-02556A8989EE}.Debug|iPhoneSimulator.ActiveCfg = Debug|x86
		{465D3BF0-65B1-407F-B19F-02556A8989EE}.Debug|iPhoneSimulator.Build.0 = Debug|x86
		{465D3BF0-65B1-407F-B19F-02556A8989EE}.Debug|iPhoneSimulator.Deploy.0 = Debug|x86
		{465D3BF0-65B1-407F-B19F-02556A8989EE}.Debug|x64.ActiveCfg = Debug|x64
		{465D3BF0-65B1-407F-B19F-02556A8989EE}.Debug|x64.Build.0 = Debug|x64
		{465D3BF0-65B1-407F-B19F-02556A8989EE}.Debug|x64.Deploy.0 = Debug|x64
		{465D3BF0-65B1-407F-B19F-02556A8989EE}.Debug|x86.ActiveCfg = Debug|x86
		{465D3BF0-65B1-407F-B19F-02556A8989EE}.Debug|x86.Build.0 = Debug|x86
		{465D3BF0-65B1-407F-B19F-02556A8989EE}.Debug|x86.Deploy.0 = Debug|x86
		{465D3BF0-65B1-407F-B19F-02556A8989EE}.Release|Any CPU.ActiveCfg = Release|x86
		{465D3BF0-65B1-407F-B19F-02556A8989EE}.Release|Any CPU.Build.0 = Release|x86
		{465D3BF0-65B1-407F-B19F-02556A8989EE}.Release|Any CPU.Deploy.0 = Release|x86
		{465D3BF0-65B1-407F-B19F-02556A8989EE}.Release|ARM.ActiveCfg = Release|ARM
		{465D3BF0-65B1-407F-B19F-02556A8989EE}.Release|ARM.Build.0 = Release|ARM
		{465D3BF0-65B1-407F-B19F-02556A8989EE}.Release|ARM.Deploy.0 = Release|ARM
		{465D3BF0-65B1-407F-B19F-02556A8989EE}.Release|ARM64.ActiveCfg = Release|x86
		{465D3BF0-65B1-407F-B19F-02556A8989EE}.Release|iPhone.ActiveCfg = Release|x86
		{465D3BF0-65B1-407F-B19F-02556A8989EE}.Release|iPhone.Build.0 = Release|x86
		{465D3BF0-65B1-407F-B19F-02556A8989EE}.Release|iPhone.Deploy.0 = Release|x86
		{465D3BF0-65B1-407F-B19F-02556A8989EE}.Release|iPhoneSimulator.ActiveCfg = Release|x86
		{465D3BF0-65B1-407F-B19F-02556A8989EE}.Release|iPhoneSimulator.Build.0 = Release|x86
		{465D3BF0-65B1-407F-B19F-02556A8989EE}.Release|iPhoneSimulator.Deploy.0 = Release|x86
		{465D3BF0-65B1-407F-B19F-02556A8989EE}.Release|x64.ActiveCfg = Release|x64
		{465D3BF0-65B1-407F-B19F-02556A8989EE}.Release|x64.Build.0 = Release|x64
		{465D3BF0-65B1-407F-B19F-02556A8989EE}.Release|x64.Deploy.0 = Release|x64
		{465D3BF0-65B1-407F-B19F-02556A8989EE}.Release|x86.ActiveCfg = Release|x86
		{465D3BF0-65B1-407F-B19F-02556A8989EE}.Release|x86.Build.0 = Release|x86
		{465D3BF0-65B1-407F-B19F-02556A8989EE}.Release|x86.Deploy.0 = Release|x86
		{8607F634-F6DD-4909-A945-4BA47A40EF11}.Debug|Any CPU.ActiveCfg = Debug|Any CPU
		{8607F634-F6DD-4909-A945-4BA47A40EF11}.Debug|Any CPU.Build.0 = Debug|Any CPU
		{8607F634-F6DD-4909-A945-4BA47A40EF11}.Debug|Any CPU.Deploy.0 = Debug|Any CPU
		{8607F634-F6DD-4909-A945-4BA47A40EF11}.Debug|ARM.ActiveCfg = Debug|Any CPU
		{8607F634-F6DD-4909-A945-4BA47A40EF11}.Debug|ARM.Build.0 = Debug|Any CPU
		{8607F634-F6DD-4909-A945-4BA47A40EF11}.Debug|ARM.Deploy.0 = Debug|Any CPU
		{8607F634-F6DD-4909-A945-4BA47A40EF11}.Debug|ARM64.ActiveCfg = Debug|Any CPU
		{8607F634-F6DD-4909-A945-4BA47A40EF11}.Debug|ARM64.Build.0 = Debug|Any CPU
		{8607F634-F6DD-4909-A945-4BA47A40EF11}.Debug|ARM64.Deploy.0 = Debug|Any CPU
		{8607F634-F6DD-4909-A945-4BA47A40EF11}.Debug|iPhone.ActiveCfg = Debug|Any CPU
		{8607F634-F6DD-4909-A945-4BA47A40EF11}.Debug|iPhone.Build.0 = Debug|Any CPU
		{8607F634-F6DD-4909-A945-4BA47A40EF11}.Debug|iPhone.Deploy.0 = Debug|Any CPU
		{8607F634-F6DD-4909-A945-4BA47A40EF11}.Debug|iPhoneSimulator.ActiveCfg = Debug|Any CPU
		{8607F634-F6DD-4909-A945-4BA47A40EF11}.Debug|iPhoneSimulator.Build.0 = Debug|Any CPU
		{8607F634-F6DD-4909-A945-4BA47A40EF11}.Debug|iPhoneSimulator.Deploy.0 = Debug|Any CPU
		{8607F634-F6DD-4909-A945-4BA47A40EF11}.Debug|x64.ActiveCfg = Debug|Any CPU
		{8607F634-F6DD-4909-A945-4BA47A40EF11}.Debug|x64.Build.0 = Debug|Any CPU
		{8607F634-F6DD-4909-A945-4BA47A40EF11}.Debug|x64.Deploy.0 = Debug|Any CPU
		{8607F634-F6DD-4909-A945-4BA47A40EF11}.Debug|x86.ActiveCfg = Debug|Any CPU
		{8607F634-F6DD-4909-A945-4BA47A40EF11}.Debug|x86.Build.0 = Debug|Any CPU
		{8607F634-F6DD-4909-A945-4BA47A40EF11}.Debug|x86.Deploy.0 = Debug|Any CPU
		{8607F634-F6DD-4909-A945-4BA47A40EF11}.Release|Any CPU.ActiveCfg = Release|Any CPU
		{8607F634-F6DD-4909-A945-4BA47A40EF11}.Release|Any CPU.Build.0 = Release|Any CPU
		{8607F634-F6DD-4909-A945-4BA47A40EF11}.Release|Any CPU.Deploy.0 = Release|Any CPU
		{8607F634-F6DD-4909-A945-4BA47A40EF11}.Release|ARM.ActiveCfg = Release|Any CPU
		{8607F634-F6DD-4909-A945-4BA47A40EF11}.Release|ARM.Build.0 = Release|Any CPU
		{8607F634-F6DD-4909-A945-4BA47A40EF11}.Release|ARM.Deploy.0 = Release|Any CPU
		{8607F634-F6DD-4909-A945-4BA47A40EF11}.Release|ARM64.ActiveCfg = Release|Any CPU
		{8607F634-F6DD-4909-A945-4BA47A40EF11}.Release|ARM64.Build.0 = Release|Any CPU
		{8607F634-F6DD-4909-A945-4BA47A40EF11}.Release|ARM64.Deploy.0 = Release|Any CPU
		{8607F634-F6DD-4909-A945-4BA47A40EF11}.Release|iPhone.ActiveCfg = Release|Any CPU
		{8607F634-F6DD-4909-A945-4BA47A40EF11}.Release|iPhone.Build.0 = Release|Any CPU
		{8607F634-F6DD-4909-A945-4BA47A40EF11}.Release|iPhone.Deploy.0 = Release|Any CPU
		{8607F634-F6DD-4909-A945-4BA47A40EF11}.Release|iPhoneSimulator.ActiveCfg = Release|Any CPU
		{8607F634-F6DD-4909-A945-4BA47A40EF11}.Release|iPhoneSimulator.Build.0 = Release|Any CPU
		{8607F634-F6DD-4909-A945-4BA47A40EF11}.Release|iPhoneSimulator.Deploy.0 = Release|Any CPU
		{8607F634-F6DD-4909-A945-4BA47A40EF11}.Release|x64.ActiveCfg = Release|Any CPU
		{8607F634-F6DD-4909-A945-4BA47A40EF11}.Release|x64.Build.0 = Release|Any CPU
		{8607F634-F6DD-4909-A945-4BA47A40EF11}.Release|x64.Deploy.0 = Release|Any CPU
		{8607F634-F6DD-4909-A945-4BA47A40EF11}.Release|x86.ActiveCfg = Release|Any CPU
		{8607F634-F6DD-4909-A945-4BA47A40EF11}.Release|x86.Build.0 = Release|Any CPU
		{8607F634-F6DD-4909-A945-4BA47A40EF11}.Release|x86.Deploy.0 = Release|Any CPU
		{9BC7E35F-1588-4F68-8413-952D37C1DFAB}.Debug|Any CPU.ActiveCfg = Debug|iPhone
		{9BC7E35F-1588-4F68-8413-952D37C1DFAB}.Debug|Any CPU.Build.0 = Debug|iPhone
		{9BC7E35F-1588-4F68-8413-952D37C1DFAB}.Debug|Any CPU.Deploy.0 = Debug|iPhone
		{9BC7E35F-1588-4F68-8413-952D37C1DFAB}.Debug|ARM.ActiveCfg = Debug|iPhoneSimulator
		{9BC7E35F-1588-4F68-8413-952D37C1DFAB}.Debug|ARM.Build.0 = Debug|iPhoneSimulator
		{9BC7E35F-1588-4F68-8413-952D37C1DFAB}.Debug|ARM.Deploy.0 = Debug|iPhoneSimulator
		{9BC7E35F-1588-4F68-8413-952D37C1DFAB}.Debug|ARM64.ActiveCfg = Debug|iPhone
		{9BC7E35F-1588-4F68-8413-952D37C1DFAB}.Debug|iPhone.ActiveCfg = Debug|iPhone
		{9BC7E35F-1588-4F68-8413-952D37C1DFAB}.Debug|iPhone.Build.0 = Debug|iPhone
		{9BC7E35F-1588-4F68-8413-952D37C1DFAB}.Debug|iPhone.Deploy.0 = Debug|iPhone
		{9BC7E35F-1588-4F68-8413-952D37C1DFAB}.Debug|iPhoneSimulator.ActiveCfg = Debug|iPhoneSimulator
		{9BC7E35F-1588-4F68-8413-952D37C1DFAB}.Debug|iPhoneSimulator.Build.0 = Debug|iPhoneSimulator
		{9BC7E35F-1588-4F68-8413-952D37C1DFAB}.Debug|iPhoneSimulator.Deploy.0 = Debug|iPhoneSimulator
		{9BC7E35F-1588-4F68-8413-952D37C1DFAB}.Debug|x64.ActiveCfg = Debug|iPhone
		{9BC7E35F-1588-4F68-8413-952D37C1DFAB}.Debug|x64.Build.0 = Debug|iPhone
		{9BC7E35F-1588-4F68-8413-952D37C1DFAB}.Debug|x64.Deploy.0 = Debug|iPhone
		{9BC7E35F-1588-4F68-8413-952D37C1DFAB}.Debug|x86.ActiveCfg = Debug|iPhone
		{9BC7E35F-1588-4F68-8413-952D37C1DFAB}.Debug|x86.Build.0 = Debug|iPhone
		{9BC7E35F-1588-4F68-8413-952D37C1DFAB}.Debug|x86.Deploy.0 = Debug|iPhone
		{9BC7E35F-1588-4F68-8413-952D37C1DFAB}.Release|Any CPU.ActiveCfg = Release|iPhone
		{9BC7E35F-1588-4F68-8413-952D37C1DFAB}.Release|Any CPU.Build.0 = Release|iPhone
		{9BC7E35F-1588-4F68-8413-952D37C1DFAB}.Release|Any CPU.Deploy.0 = Release|iPhone
		{9BC7E35F-1588-4F68-8413-952D37C1DFAB}.Release|ARM.ActiveCfg = Release|iPhone
		{9BC7E35F-1588-4F68-8413-952D37C1DFAB}.Release|ARM.Build.0 = Release|iPhone
		{9BC7E35F-1588-4F68-8413-952D37C1DFAB}.Release|ARM.Deploy.0 = Release|iPhone
		{9BC7E35F-1588-4F68-8413-952D37C1DFAB}.Release|ARM64.ActiveCfg = Release|iPhone
		{9BC7E35F-1588-4F68-8413-952D37C1DFAB}.Release|iPhone.ActiveCfg = Release|iPhone
		{9BC7E35F-1588-4F68-8413-952D37C1DFAB}.Release|iPhone.Build.0 = Release|iPhone
		{9BC7E35F-1588-4F68-8413-952D37C1DFAB}.Release|iPhone.Deploy.0 = Release|iPhone
		{9BC7E35F-1588-4F68-8413-952D37C1DFAB}.Release|iPhoneSimulator.ActiveCfg = Release|iPhoneSimulator
		{9BC7E35F-1588-4F68-8413-952D37C1DFAB}.Release|iPhoneSimulator.Build.0 = Release|iPhoneSimulator
		{9BC7E35F-1588-4F68-8413-952D37C1DFAB}.Release|iPhoneSimulator.Deploy.0 = Release|iPhoneSimulator
		{9BC7E35F-1588-4F68-8413-952D37C1DFAB}.Release|x64.ActiveCfg = Release|iPhone
		{9BC7E35F-1588-4F68-8413-952D37C1DFAB}.Release|x64.Build.0 = Release|iPhone
		{9BC7E35F-1588-4F68-8413-952D37C1DFAB}.Release|x64.Deploy.0 = Release|iPhone
		{9BC7E35F-1588-4F68-8413-952D37C1DFAB}.Release|x86.ActiveCfg = Release|iPhone
		{9BC7E35F-1588-4F68-8413-952D37C1DFAB}.Release|x86.Build.0 = Release|iPhone
		{9BC7E35F-1588-4F68-8413-952D37C1DFAB}.Release|x86.Deploy.0 = Release|iPhone
		{89D36F49-A85E-46DB-85F2-89D57C9A077B}.Debug|Any CPU.ActiveCfg = Debug|Any CPU
		{89D36F49-A85E-46DB-85F2-89D57C9A077B}.Debug|Any CPU.Build.0 = Debug|Any CPU
		{89D36F49-A85E-46DB-85F2-89D57C9A077B}.Debug|Any CPU.Deploy.0 = Debug|Any CPU
		{89D36F49-A85E-46DB-85F2-89D57C9A077B}.Debug|ARM.ActiveCfg = Debug|Any CPU
		{89D36F49-A85E-46DB-85F2-89D57C9A077B}.Debug|ARM.Build.0 = Debug|Any CPU
		{89D36F49-A85E-46DB-85F2-89D57C9A077B}.Debug|ARM.Deploy.0 = Debug|Any CPU
		{89D36F49-A85E-46DB-85F2-89D57C9A077B}.Debug|ARM64.ActiveCfg = Debug|Any CPU
		{89D36F49-A85E-46DB-85F2-89D57C9A077B}.Debug|ARM64.Build.0 = Debug|Any CPU
		{89D36F49-A85E-46DB-85F2-89D57C9A077B}.Debug|iPhone.ActiveCfg = Debug|Any CPU
		{89D36F49-A85E-46DB-85F2-89D57C9A077B}.Debug|iPhone.Build.0 = Debug|Any CPU
		{89D36F49-A85E-46DB-85F2-89D57C9A077B}.Debug|iPhone.Deploy.0 = Debug|Any CPU
		{89D36F49-A85E-46DB-85F2-89D57C9A077B}.Debug|iPhoneSimulator.ActiveCfg = Debug|Any CPU
		{89D36F49-A85E-46DB-85F2-89D57C9A077B}.Debug|iPhoneSimulator.Build.0 = Debug|Any CPU
		{89D36F49-A85E-46DB-85F2-89D57C9A077B}.Debug|iPhoneSimulator.Deploy.0 = Debug|Any CPU
		{89D36F49-A85E-46DB-85F2-89D57C9A077B}.Debug|x64.ActiveCfg = Debug|Any CPU
		{89D36F49-A85E-46DB-85F2-89D57C9A077B}.Debug|x64.Build.0 = Debug|Any CPU
		{89D36F49-A85E-46DB-85F2-89D57C9A077B}.Debug|x64.Deploy.0 = Debug|Any CPU
		{89D36F49-A85E-46DB-85F2-89D57C9A077B}.Debug|x86.ActiveCfg = Debug|Any CPU
		{89D36F49-A85E-46DB-85F2-89D57C9A077B}.Debug|x86.Build.0 = Debug|Any CPU
		{89D36F49-A85E-46DB-85F2-89D57C9A077B}.Debug|x86.Deploy.0 = Debug|Any CPU
		{89D36F49-A85E-46DB-85F2-89D57C9A077B}.Release|Any CPU.ActiveCfg = Release|Any CPU
		{89D36F49-A85E-46DB-85F2-89D57C9A077B}.Release|Any CPU.Build.0 = Release|Any CPU
		{89D36F49-A85E-46DB-85F2-89D57C9A077B}.Release|Any CPU.Deploy.0 = Release|Any CPU
		{89D36F49-A85E-46DB-85F2-89D57C9A077B}.Release|ARM.ActiveCfg = Release|Any CPU
		{89D36F49-A85E-46DB-85F2-89D57C9A077B}.Release|ARM.Build.0 = Release|Any CPU
		{89D36F49-A85E-46DB-85F2-89D57C9A077B}.Release|ARM.Deploy.0 = Release|Any CPU
		{89D36F49-A85E-46DB-85F2-89D57C9A077B}.Release|ARM64.ActiveCfg = Release|Any CPU
		{89D36F49-A85E-46DB-85F2-89D57C9A077B}.Release|ARM64.Build.0 = Release|Any CPU
		{89D36F49-A85E-46DB-85F2-89D57C9A077B}.Release|iPhone.ActiveCfg = Release|Any CPU
		{89D36F49-A85E-46DB-85F2-89D57C9A077B}.Release|iPhone.Build.0 = Release|Any CPU
		{89D36F49-A85E-46DB-85F2-89D57C9A077B}.Release|iPhone.Deploy.0 = Release|Any CPU
		{89D36F49-A85E-46DB-85F2-89D57C9A077B}.Release|iPhoneSimulator.ActiveCfg = Release|Any CPU
		{89D36F49-A85E-46DB-85F2-89D57C9A077B}.Release|iPhoneSimulator.Build.0 = Release|Any CPU
		{89D36F49-A85E-46DB-85F2-89D57C9A077B}.Release|iPhoneSimulator.Deploy.0 = Release|Any CPU
		{89D36F49-A85E-46DB-85F2-89D57C9A077B}.Release|x64.ActiveCfg = Release|Any CPU
		{89D36F49-A85E-46DB-85F2-89D57C9A077B}.Release|x64.Build.0 = Release|Any CPU
		{89D36F49-A85E-46DB-85F2-89D57C9A077B}.Release|x64.Deploy.0 = Release|Any CPU
		{89D36F49-A85E-46DB-85F2-89D57C9A077B}.Release|x86.ActiveCfg = Release|Any CPU
		{89D36F49-A85E-46DB-85F2-89D57C9A077B}.Release|x86.Build.0 = Release|Any CPU
		{89D36F49-A85E-46DB-85F2-89D57C9A077B}.Release|x86.Deploy.0 = Release|Any CPU
		{6FF40240-D204-4842-8F83-8C4DDDF48223}.Debug|Any CPU.ActiveCfg = Debug|Any CPU
		{6FF40240-D204-4842-8F83-8C4DDDF48223}.Debug|Any CPU.Build.0 = Debug|Any CPU
		{6FF40240-D204-4842-8F83-8C4DDDF48223}.Debug|ARM.ActiveCfg = Debug|Any CPU
		{6FF40240-D204-4842-8F83-8C4DDDF48223}.Debug|ARM.Build.0 = Debug|Any CPU
		{6FF40240-D204-4842-8F83-8C4DDDF48223}.Debug|ARM64.ActiveCfg = Debug|Any CPU
		{6FF40240-D204-4842-8F83-8C4DDDF48223}.Debug|ARM64.Build.0 = Debug|Any CPU
		{6FF40240-D204-4842-8F83-8C4DDDF48223}.Debug|iPhone.ActiveCfg = Debug|Any CPU
		{6FF40240-D204-4842-8F83-8C4DDDF48223}.Debug|iPhone.Build.0 = Debug|Any CPU
		{6FF40240-D204-4842-8F83-8C4DDDF48223}.Debug|iPhoneSimulator.ActiveCfg = Debug|Any CPU
		{6FF40240-D204-4842-8F83-8C4DDDF48223}.Debug|iPhoneSimulator.Build.0 = Debug|Any CPU
		{6FF40240-D204-4842-8F83-8C4DDDF48223}.Debug|x64.ActiveCfg = Debug|Any CPU
		{6FF40240-D204-4842-8F83-8C4DDDF48223}.Debug|x64.Build.0 = Debug|Any CPU
		{6FF40240-D204-4842-8F83-8C4DDDF48223}.Debug|x86.ActiveCfg = Debug|Any CPU
		{6FF40240-D204-4842-8F83-8C4DDDF48223}.Debug|x86.Build.0 = Debug|Any CPU
		{6FF40240-D204-4842-8F83-8C4DDDF48223}.Release|Any CPU.ActiveCfg = Release|Any CPU
		{6FF40240-D204-4842-8F83-8C4DDDF48223}.Release|Any CPU.Build.0 = Release|Any CPU
		{6FF40240-D204-4842-8F83-8C4DDDF48223}.Release|ARM.ActiveCfg = Release|Any CPU
		{6FF40240-D204-4842-8F83-8C4DDDF48223}.Release|ARM.Build.0 = Release|Any CPU
		{6FF40240-D204-4842-8F83-8C4DDDF48223}.Release|ARM64.ActiveCfg = Release|Any CPU
		{6FF40240-D204-4842-8F83-8C4DDDF48223}.Release|ARM64.Build.0 = Release|Any CPU
		{6FF40240-D204-4842-8F83-8C4DDDF48223}.Release|iPhone.ActiveCfg = Release|Any CPU
		{6FF40240-D204-4842-8F83-8C4DDDF48223}.Release|iPhone.Build.0 = Release|Any CPU
		{6FF40240-D204-4842-8F83-8C4DDDF48223}.Release|iPhoneSimulator.ActiveCfg = Release|Any CPU
		{6FF40240-D204-4842-8F83-8C4DDDF48223}.Release|iPhoneSimulator.Build.0 = Release|Any CPU
		{6FF40240-D204-4842-8F83-8C4DDDF48223}.Release|x64.ActiveCfg = Release|Any CPU
		{6FF40240-D204-4842-8F83-8C4DDDF48223}.Release|x64.Build.0 = Release|Any CPU
		{6FF40240-D204-4842-8F83-8C4DDDF48223}.Release|x86.ActiveCfg = Release|Any CPU
		{6FF40240-D204-4842-8F83-8C4DDDF48223}.Release|x86.Build.0 = Release|Any CPU
		{70F51D97-37E6-4777-ACBE-F3D18E4BC466}.Debug|Any CPU.ActiveCfg = Debug|Any CPU
		{70F51D97-37E6-4777-ACBE-F3D18E4BC466}.Debug|Any CPU.Build.0 = Debug|Any CPU
		{70F51D97-37E6-4777-ACBE-F3D18E4BC466}.Debug|ARM.ActiveCfg = Debug|Any CPU
		{70F51D97-37E6-4777-ACBE-F3D18E4BC466}.Debug|ARM.Build.0 = Debug|Any CPU
		{70F51D97-37E6-4777-ACBE-F3D18E4BC466}.Debug|ARM64.ActiveCfg = Debug|Any CPU
		{70F51D97-37E6-4777-ACBE-F3D18E4BC466}.Debug|ARM64.Build.0 = Debug|Any CPU
		{70F51D97-37E6-4777-ACBE-F3D18E4BC466}.Debug|iPhone.ActiveCfg = Debug|Any CPU
		{70F51D97-37E6-4777-ACBE-F3D18E4BC466}.Debug|iPhone.Build.0 = Debug|Any CPU
		{70F51D97-37E6-4777-ACBE-F3D18E4BC466}.Debug|iPhoneSimulator.ActiveCfg = Debug|Any CPU
		{70F51D97-37E6-4777-ACBE-F3D18E4BC466}.Debug|iPhoneSimulator.Build.0 = Debug|Any CPU
		{70F51D97-37E6-4777-ACBE-F3D18E4BC466}.Debug|x64.ActiveCfg = Debug|Any CPU
		{70F51D97-37E6-4777-ACBE-F3D18E4BC466}.Debug|x64.Build.0 = Debug|Any CPU
		{70F51D97-37E6-4777-ACBE-F3D18E4BC466}.Debug|x86.ActiveCfg = Debug|Any CPU
		{70F51D97-37E6-4777-ACBE-F3D18E4BC466}.Debug|x86.Build.0 = Debug|Any CPU
		{70F51D97-37E6-4777-ACBE-F3D18E4BC466}.Release|Any CPU.ActiveCfg = Release|Any CPU
		{70F51D97-37E6-4777-ACBE-F3D18E4BC466}.Release|Any CPU.Build.0 = Release|Any CPU
		{70F51D97-37E6-4777-ACBE-F3D18E4BC466}.Release|ARM.ActiveCfg = Release|Any CPU
		{70F51D97-37E6-4777-ACBE-F3D18E4BC466}.Release|ARM.Build.0 = Release|Any CPU
		{70F51D97-37E6-4777-ACBE-F3D18E4BC466}.Release|ARM64.ActiveCfg = Release|Any CPU
		{70F51D97-37E6-4777-ACBE-F3D18E4BC466}.Release|ARM64.Build.0 = Release|Any CPU
		{70F51D97-37E6-4777-ACBE-F3D18E4BC466}.Release|iPhone.ActiveCfg = Release|Any CPU
		{70F51D97-37E6-4777-ACBE-F3D18E4BC466}.Release|iPhone.Build.0 = Release|Any CPU
		{70F51D97-37E6-4777-ACBE-F3D18E4BC466}.Release|iPhoneSimulator.ActiveCfg = Release|Any CPU
		{70F51D97-37E6-4777-ACBE-F3D18E4BC466}.Release|iPhoneSimulator.Build.0 = Release|Any CPU
		{70F51D97-37E6-4777-ACBE-F3D18E4BC466}.Release|x64.ActiveCfg = Release|Any CPU
		{70F51D97-37E6-4777-ACBE-F3D18E4BC466}.Release|x64.Build.0 = Release|Any CPU
		{70F51D97-37E6-4777-ACBE-F3D18E4BC466}.Release|x86.ActiveCfg = Release|Any CPU
		{70F51D97-37E6-4777-ACBE-F3D18E4BC466}.Release|x86.Build.0 = Release|Any CPU
		{C80AF788-0C7D-4FB9-8CF4-9BEAA4D2D76B}.Debug|Any CPU.ActiveCfg = Debug|Any CPU
		{C80AF788-0C7D-4FB9-8CF4-9BEAA4D2D76B}.Debug|Any CPU.Build.0 = Debug|Any CPU
		{C80AF788-0C7D-4FB9-8CF4-9BEAA4D2D76B}.Debug|ARM.ActiveCfg = Debug|ARM
		{C80AF788-0C7D-4FB9-8CF4-9BEAA4D2D76B}.Debug|ARM.Build.0 = Debug|ARM
		{C80AF788-0C7D-4FB9-8CF4-9BEAA4D2D76B}.Debug|ARM64.ActiveCfg = Debug|ARM64
		{C80AF788-0C7D-4FB9-8CF4-9BEAA4D2D76B}.Debug|ARM64.Build.0 = Debug|ARM64
		{C80AF788-0C7D-4FB9-8CF4-9BEAA4D2D76B}.Debug|iPhone.ActiveCfg = Debug|Any CPU
		{C80AF788-0C7D-4FB9-8CF4-9BEAA4D2D76B}.Debug|iPhone.Build.0 = Debug|Any CPU
		{C80AF788-0C7D-4FB9-8CF4-9BEAA4D2D76B}.Debug|iPhoneSimulator.ActiveCfg = Debug|Any CPU
		{C80AF788-0C7D-4FB9-8CF4-9BEAA4D2D76B}.Debug|iPhoneSimulator.Build.0 = Debug|Any CPU
		{C80AF788-0C7D-4FB9-8CF4-9BEAA4D2D76B}.Debug|x64.ActiveCfg = Debug|x64
		{C80AF788-0C7D-4FB9-8CF4-9BEAA4D2D76B}.Debug|x64.Build.0 = Debug|x64
		{C80AF788-0C7D-4FB9-8CF4-9BEAA4D2D76B}.Debug|x86.ActiveCfg = Debug|x86
		{C80AF788-0C7D-4FB9-8CF4-9BEAA4D2D76B}.Debug|x86.Build.0 = Debug|x86
		{C80AF788-0C7D-4FB9-8CF4-9BEAA4D2D76B}.Release|Any CPU.ActiveCfg = Release|Any CPU
		{C80AF788-0C7D-4FB9-8CF4-9BEAA4D2D76B}.Release|Any CPU.Build.0 = Release|Any CPU
		{C80AF788-0C7D-4FB9-8CF4-9BEAA4D2D76B}.Release|ARM.ActiveCfg = Release|ARM
		{C80AF788-0C7D-4FB9-8CF4-9BEAA4D2D76B}.Release|ARM.Build.0 = Release|ARM
		{C80AF788-0C7D-4FB9-8CF4-9BEAA4D2D76B}.Release|ARM64.ActiveCfg = Release|ARM64
		{C80AF788-0C7D-4FB9-8CF4-9BEAA4D2D76B}.Release|ARM64.Build.0 = Release|ARM64
		{C80AF788-0C7D-4FB9-8CF4-9BEAA4D2D76B}.Release|iPhone.ActiveCfg = Release|Any CPU
		{C80AF788-0C7D-4FB9-8CF4-9BEAA4D2D76B}.Release|iPhone.Build.0 = Release|Any CPU
		{C80AF788-0C7D-4FB9-8CF4-9BEAA4D2D76B}.Release|iPhoneSimulator.ActiveCfg = Release|Any CPU
		{C80AF788-0C7D-4FB9-8CF4-9BEAA4D2D76B}.Release|iPhoneSimulator.Build.0 = Release|Any CPU
		{C80AF788-0C7D-4FB9-8CF4-9BEAA4D2D76B}.Release|x64.ActiveCfg = Release|x64
		{C80AF788-0C7D-4FB9-8CF4-9BEAA4D2D76B}.Release|x64.Build.0 = Release|x64
		{C80AF788-0C7D-4FB9-8CF4-9BEAA4D2D76B}.Release|x86.ActiveCfg = Release|x86
		{C80AF788-0C7D-4FB9-8CF4-9BEAA4D2D76B}.Release|x86.Build.0 = Release|x86
		{31C53881-F48F-48EE-AA00-045639CF7B46}.Debug|Any CPU.ActiveCfg = Debug|Any CPU
		{31C53881-F48F-48EE-AA00-045639CF7B46}.Debug|Any CPU.Build.0 = Debug|Any CPU
		{31C53881-F48F-48EE-AA00-045639CF7B46}.Debug|ARM.ActiveCfg = Debug|Any CPU
		{31C53881-F48F-48EE-AA00-045639CF7B46}.Debug|ARM.Build.0 = Debug|Any CPU
		{31C53881-F48F-48EE-AA00-045639CF7B46}.Debug|ARM64.ActiveCfg = Debug|Any CPU
		{31C53881-F48F-48EE-AA00-045639CF7B46}.Debug|ARM64.Build.0 = Debug|Any CPU
		{31C53881-F48F-48EE-AA00-045639CF7B46}.Debug|iPhone.ActiveCfg = Debug|Any CPU
		{31C53881-F48F-48EE-AA00-045639CF7B46}.Debug|iPhone.Build.0 = Debug|Any CPU
		{31C53881-F48F-48EE-AA00-045639CF7B46}.Debug|iPhoneSimulator.ActiveCfg = Debug|Any CPU
		{31C53881-F48F-48EE-AA00-045639CF7B46}.Debug|iPhoneSimulator.Build.0 = Debug|Any CPU
		{31C53881-F48F-48EE-AA00-045639CF7B46}.Debug|x64.ActiveCfg = Debug|Any CPU
		{31C53881-F48F-48EE-AA00-045639CF7B46}.Debug|x64.Build.0 = Debug|Any CPU
		{31C53881-F48F-48EE-AA00-045639CF7B46}.Debug|x86.ActiveCfg = Debug|Any CPU
		{31C53881-F48F-48EE-AA00-045639CF7B46}.Debug|x86.Build.0 = Debug|Any CPU
		{31C53881-F48F-48EE-AA00-045639CF7B46}.Release|Any CPU.ActiveCfg = Release|Any CPU
		{31C53881-F48F-48EE-AA00-045639CF7B46}.Release|Any CPU.Build.0 = Release|Any CPU
		{31C53881-F48F-48EE-AA00-045639CF7B46}.Release|ARM.ActiveCfg = Release|Any CPU
		{31C53881-F48F-48EE-AA00-045639CF7B46}.Release|ARM.Build.0 = Release|Any CPU
		{31C53881-F48F-48EE-AA00-045639CF7B46}.Release|ARM64.ActiveCfg = Release|Any CPU
		{31C53881-F48F-48EE-AA00-045639CF7B46}.Release|ARM64.Build.0 = Release|Any CPU
		{31C53881-F48F-48EE-AA00-045639CF7B46}.Release|iPhone.ActiveCfg = Release|Any CPU
		{31C53881-F48F-48EE-AA00-045639CF7B46}.Release|iPhone.Build.0 = Release|Any CPU
		{31C53881-F48F-48EE-AA00-045639CF7B46}.Release|iPhoneSimulator.ActiveCfg = Release|Any CPU
		{31C53881-F48F-48EE-AA00-045639CF7B46}.Release|iPhoneSimulator.Build.0 = Release|Any CPU
		{31C53881-F48F-48EE-AA00-045639CF7B46}.Release|x64.ActiveCfg = Release|Any CPU
		{31C53881-F48F-48EE-AA00-045639CF7B46}.Release|x64.Build.0 = Release|Any CPU
		{31C53881-F48F-48EE-AA00-045639CF7B46}.Release|x86.ActiveCfg = Release|Any CPU
		{31C53881-F48F-48EE-AA00-045639CF7B46}.Release|x86.Build.0 = Release|Any CPU
	EndGlobalSection
	GlobalSection(SolutionProperties) = preSolution
		HideSolutionNode = FALSE
	EndGlobalSection
	GlobalSection(NestedProjects) = preSolution
		{465D3BF0-65B1-407F-B19F-02556A8989EE} = {687716BD-9E7A-4F08-86D9-3019A74A8A3B}
		{8607F634-F6DD-4909-A945-4BA47A40EF11} = {687716BD-9E7A-4F08-86D9-3019A74A8A3B}
		{9BC7E35F-1588-4F68-8413-952D37C1DFAB} = {687716BD-9E7A-4F08-86D9-3019A74A8A3B}
		{89D36F49-A85E-46DB-85F2-89D57C9A077B} = {687716BD-9E7A-4F08-86D9-3019A74A8A3B}
		{6FF40240-D204-4842-8F83-8C4DDDF48223} = {0FDB9281-D682-4582-AB33-31532E5817BA}
		{70F51D97-37E6-4777-ACBE-F3D18E4BC466} = {0FDB9281-D682-4582-AB33-31532E5817BA}
		{C80AF788-0C7D-4FB9-8CF4-9BEAA4D2D76B} = {0FDB9281-D682-4582-AB33-31532E5817BA}
		{31C53881-F48F-48EE-AA00-045639CF7B46} = {0FDB9281-D682-4582-AB33-31532E5817BA}
	EndGlobalSection
	GlobalSection(ExtensibilityGlobals) = postSolution
		SolutionGuid = {7E57987F-560C-4CF1-825F-C252F788BF33}
	EndGlobalSection
EndGlobal
